# THIS IS AN AUTOGENERATED FILE. DO NOT EDIT THIS FILE DIRECTLY.
# yarn lockfile v1


typescript-eslint-language-service@^5.0.0:
  version "5.0.0"
  resolved "https://registry.yarnpkg.com/typescript-eslint-language-service/-/typescript-eslint-language-service-5.0.0.tgz#c8a77b109a25d9908ad2d0c994a282c7494318c3"
  integrity sha512-QB3YsL+lDOpKwblXuqD9GkzpHhJC2D02e/3OIj38kIe6LSL97cEsUtnsVPqIaofnOsV2glj2T5VLxp5gmLTERQ==
