[[package]]
name = "certifi"
version = "2022.6.15"
description = "Python package for providing Mozilla's CA Bundle."
category = "main"
optional = false
python-versions = ">=3.6"

[[package]]
name = "elastic-transport"
version = "8.1.2"
description = "Transport classes and utilities shared among Python Elastic client libraries"
category = "main"
optional = false
python-versions = ">=3.6"

[package.dependencies]
certifi = "*"
urllib3 = ">=1.26.2,<2"

[package.extras]
develop = ["pytest", "pytest-cov", "pytest-mock", "pytest-asyncio", "pytest-httpserver", "trustme", "mock", "requests", "aiohttp"]

[[package]]
name = "elasticsearch"
version = "8.3.3"
description = "Python client for Elasticsearch"
category = "main"
optional = false
python-versions = ">=3.6, <4"

[package.dependencies]
elastic-transport = ">=8,<9"

[package.extras]
async = ["aiohttp (>=3,<4)"]
requests = ["requests (>=2.4.0,<3.0.0)"]

[[package]]
name = "urllib3"
version = "1.26.11"
description = "HTTP library with thread-safe connection pooling, file post, and more."
category = "main"
optional = false
python-versions = ">=2.7, !=3.0.*, !=3.1.*, !=3.2.*, !=3.3.*, !=3.4.*, !=3.5.*, <4"

[package.extras]
brotli = ["brotlicffi (>=0.8.0)", "brotli (>=1.0.9)", "brotlipy (>=0.6.0)"]
secure = ["pyOpenSSL (>=0.14)", "cryptography (>=1.3.4)", "idna (>=2.0.0)", "certifi", "ipaddress"]
socks = ["PySocks (>=1.5.6,!=1.5.7,<2.0)"]

[metadata]
lock-version = "1.1"
python-versions = "^3.10"
content-hash = "a635dfa9bd576e016f3a3a18fc46e4ccbc2bf18cc15b2759fe6bd40ff264b82c"

[metadata.files]
certifi = [
    {file = "certifi-2022.6.15-py3-none-any.whl", hash = "sha256:fe86415d55e84719d75f8b69414f6438ac3547d2078ab91b67e779ef69378412"},
    {file = "certifi-2022.6.15.tar.gz", hash = "sha256:84c85a9078b11105f04f3036a9482ae10e4621616db313fe045dd24743a0820d"},
]
elastic-transport = [
    {file = "elastic-transport-8.1.2.tar.gz", hash = "sha256:869f7d668fb7738776639053fc87499caacbd1bdc7819f0de8025ac0e6cb29ce"},
    {file = "elastic_transport-8.1.2-py3-none-any.whl", hash = "sha256:10914d0c5c268d9dcfee02cfbef861382d098309ba4eedab820062841bd214b3"},
]
elasticsearch = [
    {file = "elasticsearch-8.3.3-py3-none-any.whl", hash = "sha256:bdf8a81ca3a9f9987e7bd7cd277a2679184e96499603d52842b3245de9d00db4"},
    {file = "elasticsearch-8.3.3.tar.gz", hash = "sha256:4aa00a668fa45bbb474295db4766dd6f6115e49286c11ebcabfaa5ffa7e063de"},
]
urllib3 = [
    {file = "urllib3-1.26.11-py2.py3-none-any.whl", hash = "sha256:c33ccba33c819596124764c23a97d25f32b28433ba0dedeb77d873a38722c9bc"},
    {file = "urllib3-1.26.11.tar.gz", hash = "sha256:ea6e8fb210b19d950fab93b60c9009226c63a28808bc8386e05301e25883ac0a"},
]
